
Microsoft Visual Studio Solution File, Format Version 12.00
# Visual Studio Version 17
VisualStudioVersion = 17.14.36717.8 d17.14
MinimumVisualStudioVersion = 10.0.40219.1
Project("{FAE04EC0-301F-11D3-BF4B-00C04F79EFBC}") = "HotelBooking", "HotelBooking.csproj", "{ABAD804F-6E52-4232-AA89-B7690BBC3818}"
EndProject
Global
	GlobalSection(SolutionConfigurationPlatforms) = preSolution
		Debug|Any CPU = Debug|Any CPU
		Release|Any CPU = Release|Any CPU
	EndGlobalSection
	GlobalSection(ProjectConfigurationPlatforms) = postSolution
		{ABAD804F-6E52-4232-AA89-B7690BBC3818}.Debug|Any CPU.ActiveCfg = Debug|Any CPU
		{ABAD804F-6E52-4232-AA89-B7690BBC3818}.Debug|Any CPU.Build.0 = Debug|Any CPU
		{ABAD804F-6E52-4232-AA89-B7690BBC3818}.Release|Any CPU.ActiveCfg = Release|Any CPU
		{ABAD804F-6E52-4232-AA89-B7690BBC3818}.Release|Any CPU.Build.0 = Release|Any CPU
	EndGlobalSection
	GlobalSection(SolutionProperties) = preSolution
		HideSolutionNode = FALSE
	EndGlobalSection
	GlobalSection(ExtensibilityGlobals) = postSolution
		SolutionGuid = {78703CF0-8206-4FE2-9F67-7DA20C200B2D}
	EndGlobalSection
EndGlobal
